
Microsoft Visual Studio Solution File, Format Version 12.00
# Visual Studio 2012
Project("{FAE04EC0-301F-11D3-BF4B-00C04F79EFBC}") = "snorbert", "snorbert.csproj", "{D0EDB975-033B-487B-81F8-49BA440F7224}"
EndProject
Project("{FAE04EC0-301F-11D3-BF4B-00C04F79EFBC}") = "Utility", "..\..\..\..\Libraries\Utility\Source\Utility.csproj", "{31638293-73BF-4208-BEA3-AC47117CEF3A}"
EndProject
Global
	GlobalSection(SolutionConfigurationPlatforms) = preSolution
		Debug|Any CPU = Debug|Any CPU
		Release|Any CPU = Release|Any CPU
	EndGlobalSection
	GlobalSection(ProjectConfigurationPlatforms) = postSolution
		{D0EDB975-033B-487B-81F8-49BA440F7224}.Debug|Any CPU.ActiveCfg = Debug|Any CPU
		{D0EDB975-033B-487B-81F8-49BA440F7224}.Debug|Any CPU.Build.0 = Debug|Any CPU
		{D0EDB975-033B-487B-81F8-49BA440F7224}.Release|Any CPU.ActiveCfg = Release|Any CPU
		{D0EDB975-033B-487B-81F8-49BA440F7224}.Release|Any CPU.Build.0 = Release|Any CPU
		{31638293-73BF-4208-BEA3-AC47117CEF3A}.Debug|Any CPU.ActiveCfg = Debug|Any CPU
		{31638293-73BF-4208-BEA3-AC47117CEF3A}.Debug|Any CPU.Build.0 = Debug|Any CPU
		{31638293-73BF-4208-BEA3-AC47117CEF3A}.Release|Any CPU.ActiveCfg = Release|Any CPU
		{31638293-73BF-4208-BEA3-AC47117CEF3A}.Release|Any CPU.Build.0 = Release|Any CPU
	EndGlobalSection
	GlobalSection(SolutionProperties) = preSolution
		HideSolutionNode = FALSE
	EndGlobalSection
EndGlobal
